PODS:
  - FLEX (4.0.0)
  - SDOSFLEX (1.2.0):
    - FLEX (~> 4.0)
    - SDOSFLEX/FLEX (= 1.2.0)
  - SDOSFLEX/FLEX (1.2.0):
    - FLEX (~> 4.0)

DEPENDENCIES:
  - FLEX
  - SDOSFLEX (from `../../`)

SPEC REPOS:
  https://github.com/CocoaPods/Specs.git:
    - FLEX

EXTERNAL SOURCES:
  SDOSFLEX:
    :path: "../../"

SPEC CHECKSUMS:
  FLEX: 3fb1e8096b230a08a5d4d5f3c2992b84399a6abf
  SDOSFLEX: d6c605e1a080291ed0ef0e76f5ccb1f64c138a59

PODFILE CHECKSUM: fefc520d1effb437056f23127b7ca4814e8de1b4

COCOAPODS: 1.9.1
